
Microsoft Visual Studio Solution File, Format Version 12.00
# Visual Studio Version 16
VisualStudioVersion = 16.0.29728.190
MinimumVisualStudioVersion = 10.0.40219.1
Project("{FAE04EC0-301F-11D3-BF4B-00C04F79EFBC}") = "EchoBot1", "EchoBot1\EchoBot1.csproj", "{0473702C-7993-4916-96BA-22AE1D9D4099}"
EndProject
Global
	GlobalSection(SolutionConfigurationPlatforms) = preSolution
		Debug|Any CPU = Debug|Any CPU
		Release|Any CPU = Release|Any CPU
	EndGlobalSection
	GlobalSection(ProjectConfigurationPlatforms) = postSolution
		{0473702C-7993-4916-96BA-22AE1D9D4099}.Debug|Any CPU.ActiveCfg = Debug|Any CPU
		{0473702C-7993-4916-96BA-22AE1D9D4099}.Debug|Any CPU.Build.0 = Debug|Any CPU
		{0473702C-7993-4916-96BA-22AE1D9D4099}.Release|Any CPU.ActiveCfg = Release|Any CPU
		{0473702C-7993-4916-96BA-22AE1D9D4099}.Release|Any CPU.Build.0 = Release|Any CPU
	EndGlobalSection
	GlobalSection(SolutionProperties) = preSolution
		HideSolutionNode = FALSE
	EndGlobalSection
	GlobalSection(ExtensibilityGlobals) = postSolution
		SolutionGuid = {314340AE-27FC-4208-9852-D69B223F969D}
	EndGlobalSection
EndGlobal
